dependencies:
- name: prometheus
  repository: https://prometheus-community.github.io/helm-charts
  version: 29.27.2
- name: opentelemetry-collector
  repository: https://open-telemetry.github.io/opentelemetry-helm-charts
  version: 0.172.0
- name: loki
  repository: https://grafana.github.io/helm-charts
  version: 7.3.0
- name: tempo
  repository: https://grafana.github.io/helm-charts
  version: 1.24.4
digest: sha256:5ea147730de44e72a4c3a57aff25964a3c5f115979e31b4b6e23bab642a6d70a
generated: "2026-09-06T15:44:45.653131955+02:00"
